
Microsoft Visual Studio Solution File, Format Version 12.00
# Visual Studio 2012
Project("{F088123C-0E9E-452A-89E6-6BA2F21D5CAC}") = "Modeling", "Modeling\Modeling.modelproj", "{EF75696C-FEA0-49D9-BED3-453848152CEA}"
EndProject
Global
	GlobalSection(SolutionConfigurationPlatforms) = preSolution
		Debug|Any CPU = Debug|Any CPU
		Release|Any CPU = Release|Any CPU
	EndGlobalSection
	GlobalSection(ProjectConfigurationPlatforms) = postSolution
		{EF75696C-FEA0-49D9-BED3-453848152CEA}.Debug|Any CPU.ActiveCfg = Debug|Any CPU
		{EF75696C-FEA0-49D9-BED3-453848152CEA}.Debug|Any CPU.Build.0 = Debug|Any CPU
		{EF75696C-FEA0-49D9-BED3-453848152CEA}.Release|Any CPU.ActiveCfg = Release|Any CPU
		{EF75696C-FEA0-49D9-BED3-453848152CEA}.Release|Any CPU.Build.0 = Release|Any CPU
	EndGlobalSection
	GlobalSection(SolutionProperties) = preSolution
		HideSolutionNode = FALSE
	EndGlobalSection
EndGlobal
